
Microsoft Visual Studio Solution File, Format Version 12.00
# Visual Studio 2013
VisualStudioVersion = 12.0.31101.0
MinimumVisualStudioVersion = 10.0.40219.1
Project("{FAE04EC0-301F-11D3-BF4B-00C04F79EFBC}") = "Syndra Balls to the Wall", "Syndra Balls to the Wall\Syndra Balls to the Wall.csproj", "{445D21AA-F381-472B-B4DA-89BC5CE0AD8A}"
EndProject
Global
	GlobalSection(SolutionConfigurationPlatforms) = preSolution
		Debug|Any CPU = Debug|Any CPU
		Release|Any CPU = Release|Any CPU
	EndGlobalSection
	GlobalSection(ProjectConfigurationPlatforms) = postSolution
		{445D21AA-F381-472B-B4DA-89BC5CE0AD8A}.Debug|Any CPU.ActiveCfg = Debug|Any CPU
		{445D21AA-F381-472B-B4DA-89BC5CE0AD8A}.Debug|Any CPU.Build.0 = Debug|Any CPU
		{445D21AA-F381-472B-B4DA-89BC5CE0AD8A}.Release|Any CPU.ActiveCfg = Release|Any CPU
		{445D21AA-F381-472B-B4DA-89BC5CE0AD8A}.Release|Any CPU.Build.0 = Release|Any CPU
	EndGlobalSection
	GlobalSection(SolutionProperties) = preSolution
		HideSolutionNode = FALSE
	EndGlobalSection
EndGlobal
